
Microsoft Visual Studio Solution File, Format Version 12.00
# Visual Studio 2012
Project("{FAE04EC0-301F-11D3-BF4B-00C04F79EFBC}") = "ExpressionWalker", "src\ExpressionWalker\ExpressionWalker.csproj", "{F2BF4941-B325-4B41-9230-0D5D27B4DB75}"
EndProject
Project("{2150E333-8FDC-42A3-9474-1A3956D46DE8}") = ".nuget", ".nuget", "{B4656B68-10F9-4D83-AED7-C6E621C606F0}"
	ProjectSection(SolutionItems) = preProject
		.nuget\NuGet.Config = .nuget\NuGet.Config
		.nuget\NuGet.exe = .nuget\NuGet.exe
		.nuget\NuGet.targets = .nuget\NuGet.targets
	EndProjectSection
EndProject
Project("{FAE04EC0-301F-11D3-BF4B-00C04F79EFBC}") = "ExpressionWalker.Tests", "tests\ExpressionWalker.Tests\ExpressionWalker.Tests.csproj", "{1F0AE1C4-46A0-4723-BD08-915D0BDEF511}"
EndProject
Project("{FAE04EC0-301F-11D3-BF4B-00C04F79EFBC}") = "ExpressionWalker.TestStub", "ExpressionWalker.TestStub\ExpressionWalker.TestStub.csproj", "{B13834F1-10DD-4805-886D-52B398F8D2F0}"
EndProject
Global
	GlobalSection(SolutionConfigurationPlatforms) = preSolution
		Debug|Any CPU = Debug|Any CPU
		Release|Any CPU = Release|Any CPU
	EndGlobalSection
	GlobalSection(ProjectConfigurationPlatforms) = postSolution
		{F2BF4941-B325-4B41-9230-0D5D27B4DB75}.Debug|Any CPU.ActiveCfg = Debug|Any CPU
		{F2BF4941-B325-4B41-9230-0D5D27B4DB75}.Debug|Any CPU.Build.0 = Debug|Any CPU
		{F2BF4941-B325-4B41-9230-0D5D27B4DB75}.Release|Any CPU.ActiveCfg = Release|Any CPU
		{F2BF4941-B325-4B41-9230-0D5D27B4DB75}.Release|Any CPU.Build.0 = Release|Any CPU
		{1F0AE1C4-46A0-4723-BD08-915D0BDEF511}.Debug|Any CPU.ActiveCfg = Debug|Any CPU
		{1F0AE1C4-46A0-4723-BD08-915D0BDEF511}.Debug|Any CPU.Build.0 = Debug|Any CPU
		{1F0AE1C4-46A0-4723-BD08-915D0BDEF511}.Release|Any CPU.ActiveCfg = Release|Any CPU
		{1F0AE1C4-46A0-4723-BD08-915D0BDEF511}.Release|Any CPU.Build.0 = Release|Any CPU
		{B13834F1-10DD-4805-886D-52B398F8D2F0}.Debug|Any CPU.ActiveCfg = Debug|Any CPU
		{B13834F1-10DD-4805-886D-52B398F8D2F0}.Debug|Any CPU.Build.0 = Debug|Any CPU
		{B13834F1-10DD-4805-886D-52B398F8D2F0}.Release|Any CPU.ActiveCfg = Release|Any CPU
		{B13834F1-10DD-4805-886D-52B398F8D2F0}.Release|Any CPU.Build.0 = Release|Any CPU
	EndGlobalSection
	GlobalSection(SolutionProperties) = preSolution
		HideSolutionNode = FALSE
	EndGlobalSection
EndGlobal
